// !$*UTF8*$!
{
	archiveVersion = 1;
	classes = {
	};
	objectVersion = 50;
	objects = {

/* Begin PBXBuildFile section */
		64178B80259CB87400A83087 /* CheckoutView.swift in Sources */ = {isa = PBXBuildFile; fileRef = 64178B7F259CB87400A83087 /* CheckoutView.swift */; };
		643B6568259BACFF00700FC9 /* dfb_flower_logo.png in Resources */ = {isa = PBXBuildFile; fileRef = 643B6567259BACFF00700FC9 /* dfb_flower_logo.png */; };
		643B656D259BAD0A00700FC9 /* dfb_logo.png in Resources */ = {isa = PBXBuildFile; fileRef = 643B656C259BAD0A00700FC9 /* dfb_logo.png */; };
		643B657A259BC37000700FC9 /* ArchivoNarrow-SemiBoldItalic.ttf in Resources */ = {isa = PBXBuildFile; fileRef = 643B6572259BC36F00700FC9 /* ArchivoNarrow-SemiBoldItalic.ttf */; };
		643B657B259BC37000700FC9 /* ArchivoNarrow-Regular.ttf in Resources */ = {isa = PBXBuildFile; fileRef = 643B6573259BC36F00700FC9 /* ArchivoNarrow-Regular.ttf */; };
		643B657C259BC37000700FC9 /* ArchivoNarrow-Medium.ttf in Resources */ = {isa = PBXBuildFile; fileRef = 643B6574259BC36F00700FC9 /* ArchivoNarrow-Medium.ttf */; };
		643B657D259BC37000700FC9 /* ArchivoNarrow-Italic.ttf in Resources */ = {isa = PBXBuildFile; fileRef = 643B6575259BC37000700FC9 /* ArchivoNarrow-Italic.ttf */; };
		643B657E259BC37000700FC9 /* ArchivoNarrow-SemiBold.ttf in Resources */ = {isa = PBXBuildFile; fileRef = 643B6576259BC37000700FC9 /* ArchivoNarrow-SemiBold.ttf */; };
		643B657F259BC37000700FC9 /* ArchivoNarrow-MediumItalic.ttf in Resources */ = {isa = PBXBuildFile; fileRef = 643B6577259BC37000700FC9 /* ArchivoNarrow-MediumItalic.ttf */; };
		643B6580259BC37000700FC9 /* ArchivoNarrow-BoldItalic.ttf in Resources */ = {isa = PBXBuildFile; fileRef = 643B6578259BC37000700FC9 /* ArchivoNarrow-BoldItalic.ttf */; };
		643B6581259BC37000700FC9 /* ArchivoNarrow-Bold.ttf in Resources */ = {isa = PBXBuildFile; fileRef = 643B6579259BC37000700FC9 /* ArchivoNarrow-Bold.ttf */; };
		643B6586259BC5AC00700FC9 /* RobotoCondensed-Regular.ttf in Resources */ = {isa = PBXBuildFile; fileRef = 643B6585259BC5AC00700FC9 /* RobotoCondensed-Regular.ttf */; };
		643B658B259BC62500700FC9 /* RobotoCondensed-Bold.ttf in Resources */ = {isa = PBXBuildFile; fileRef = 643B658A259BC62500700FC9 /* RobotoCondensed-Bold.ttf */; };
		643B6593259BDF1C00700FC9 /* CartView.swift in Sources */ = {isa = PBXBuildFile; fileRef = 643B6592259BDF1C00700FC9 /* CartView.swift */; };
		648EB471259B81E100932EA0 /* DawnsFlowerBoxApp.swift in Sources */ = {isa = PBXBuildFile; fileRef = 648EB470259B81E100932EA0 /* DawnsFlowerBoxApp.swift */; };
		648EB473259B81E100932EA0 /* ContentView.swift in Sources */ = {isa = PBXBuildFile; fileRef = 648EB472259B81E100932EA0 /* ContentView.swift */; };
		648EB475259B81E200932EA0 /* Assets.xcassets in Resources */ = {isa = PBXBuildFile; fileRef = 648EB474259B81E200932EA0 /* Assets.xcassets */; };
		648EB478259B81E200932EA0 /* Preview Assets.xcassets in Resources */ = {isa = PBXBuildFile; fileRef = 648EB477259B81E200932EA0 /* Preview Assets.xcassets */; };
		648EB483259B81E200932EA0 /* DawnsFlowerBoxTests.swift in Sources */ = {isa = PBXBuildFile; fileRef = 648EB482259B81E200932EA0 /* DawnsFlowerBoxTests.swift */; };
		648EB48E259B81E200932EA0 /* DawnsFlowerBoxUITests.swift in Sources */ = {isa = PBXBuildFile; fileRef = 648EB48D259B81E200932EA0 /* DawnsFlowerBoxUITests.swift */; };
		648EB49F259B821200932EA0 /* CatalogView.swift in Sources */ = {isa = PBXBuildFile; fileRef = 648EB49E259B821200932EA0 /* CatalogView.swift */; };
		648EB4AB259B842F00932EA0 /* a_beautiful_snowflake.jpg in Resources */ = {isa = PBXBuildFile; fileRef = 648EB4A5259B842F00932EA0 /* a_beautiful_snowflake.jpg */; };
		648EB4AC259B842F00932EA0 /* a_deep_love.jpg in Resources */ = {isa = PBXBuildFile; fileRef = 648EB4A6259B842F00932EA0 /* a_deep_love.jpg */; };
		648EB4AD259B842F00932EA0 /* a_sparkle.jpg in Resources */ = {isa = PBXBuildFile; fileRef = 648EB4A7259B842F00932EA0 /* a_sparkle.jpg */; };
		648EB4AE259B842F00932EA0 /* a_dozen_red_roses_gift_bag.jpg in Resources */ = {isa = PBXBuildFile; fileRef = 648EB4A8259B842F00932EA0 /* a_dozen_red_roses_gift_bag.jpg */; };
		648EB4AF259B842F00932EA0 /* a_magical_christmas.jpg in Resources */ = {isa = PBXBuildFile; fileRef = 648EB4A9259B842F00932EA0 /* a_magical_christmas.jpg */; };
		648EB4B0259B842F00932EA0 /* a_luxury_twelve_red_roses.jpg in Resources */ = {isa = PBXBuildFile; fileRef = 648EB4AA259B842F00932EA0 /* a_luxury_twelve_red_roses.jpg */; };
		64A95C9325B75AAA00A29AA6 /* Utils.swift in Sources */ = {isa = PBXBuildFile; fileRef = 64A95C9225B75AAA00A29AA6 /* Utils.swift */; };
/* End PBXBuildFile section */

/* Begin PBXContainerItemProxy section */
		648EB47F259B81E200932EA0 /* PBXContainerItemProxy */ = {
			isa = PBXContainerItemProxy;
			containerPortal = 648EB465259B81E100932EA0 /* Project object */;
			proxyType = 1;
			remoteGlobalIDString = 648EB46C259B81E100932EA0;
			remoteInfo = DawnsFlowerBox;
		};
		648EB48A259B81E200932EA0 /* PBXContainerItemProxy */ = {
			isa = PBXContainerItemProxy;
			containerPortal = 648EB465259B81E100932EA0 /* Project object */;
			proxyType = 1;
			remoteGlobalIDString = 648EB46C259B81E100932EA0;
			remoteInfo = DawnsFlowerBox;
		};
/* End PBXContainerItemProxy section */

/* Begin PBXFileReference section */
		64178B7F259CB87400A83087 /* CheckoutView.swift */ = {isa = PBXFileReference; lastKnownFileType = sourcecode.swift; path = CheckoutView.swift; sourceTree = "<group>"; };
		643B6567259BACFF00700FC9 /* dfb_flower_logo.png */ = {isa = PBXFileReference; lastKnownFileType = image.png; path = dfb_flower_logo.png; sourceTree = "<group>"; };
		643B656C259BAD0A00700FC9 /* dfb_logo.png */ = {isa = PBXFileReference; lastKnownFileType = image.png; path = dfb_logo.png; sourceTree = "<group>"; };
		643B6572259BC36F00700FC9 /* ArchivoNarrow-SemiBoldItalic.ttf */ = {isa = PBXFileReference; lastKnownFileType = file; path = "ArchivoNarrow-SemiBoldItalic.ttf"; sourceTree = "<group>"; };
		643B6573259BC36F00700FC9 /* ArchivoNarrow-Regular.ttf */ = {isa = PBXFileReference; lastKnownFileType = file; path = "ArchivoNarrow-Regular.ttf"; sourceTree = "<group>"; };
		643B6574259BC36F00700FC9 /* ArchivoNarrow-Medium.ttf */ = {isa = PBXFileReference; lastKnownFileType = file; path = "ArchivoNarrow-Medium.ttf"; sourceTree = "<group>"; };
		643B6575259BC37000700FC9 /* ArchivoNarrow-Italic.ttf */ = {isa = PBXFileReference; lastKnownFileType = file; path = "ArchivoNarrow-Italic.ttf"; sourceTree = "<group>"; };
		643B6576259BC37000700FC9 /* ArchivoNarrow-SemiBold.ttf */ = {isa = PBXFileReference; lastKnownFileType = file; path = "ArchivoNarrow-SemiBold.ttf"; sourceTree = "<group>"; };
		643B6577259BC37000700FC9 /* ArchivoNarrow-MediumItalic.ttf */ = {isa = PBXFileReference; lastKnownFileType = file; path = "ArchivoNarrow-MediumItalic.ttf"; sourceTree = "<group>"; };
		643B6578259BC37000700FC9 /* ArchivoNarrow-BoldItalic.ttf */ = {isa = PBXFileReference; lastKnownFileType = file; path = "ArchivoNarrow-BoldItalic.ttf"; sourceTree = "<group>"; };
		643B6579259BC37000700FC9 /* ArchivoNarrow-Bold.ttf */ = {isa = PBXFileReference; lastKnownFileType = file; path = "ArchivoNarrow-Bold.ttf"; sourceTree = "<group>"; };
		643B6585259BC5AC00700FC9 /* RobotoCondensed-Regular.ttf */ = {isa = PBXFileReference; lastKnownFileType = file; path = "RobotoCondensed-Regular.ttf"; sourceTree = "<group>"; };
		643B658A259BC62500700FC9 /* RobotoCondensed-Bold.ttf */ = {isa = PBXFileReference; lastKnownFileType = file; path = "RobotoCondensed-Bold.ttf"; sourceTree = "<group>"; };
		643B6592259BDF1C00700FC9 /* CartView.swift */ = {isa = PBXFileReference; lastKnownFileType = sourcecode.swift; path = CartView.swift; sourceTree = "<group>"; };
		648EB46D259B81E100932EA0 /* DawnsFlowerBox.app */ = {isa = PBXFileReference; explicitFileType = wrapper.application; includeInIndex = 0; path = DawnsFlowerBox.app; sourceTree = BUILT_PRODUCTS_DIR; };
		648EB470259B81E100932EA0 /* DawnsFlowerBoxApp.swift */ = {isa = PBXFileReference; lastKnownFileType = sourcecode.swift; path = DawnsFlowerBoxApp.swift; sourceTree = "<group>"; };
		648EB472259B81E100932EA0 /* ContentView.swift */ = {isa = PBXFileReference; lastKnownFileType = sourcecode.swift; path = ContentView.swift; sourceTree = "<group>"; };
		648EB474259B81E200932EA0 /* Assets.xcassets */ = {isa = PBXFileReference; lastKnownFileType = folder.assetcatalog; path = Assets.xcassets; sourceTree = "<group>"; };
		648EB477259B81E200932EA0 /* Preview Assets.xcassets */ = {isa = PBXFileReference; lastKnownFileType = folder.assetcatalog; path = "Preview Assets.xcassets"; sourceTree = "<group>"; };
		648EB479259B81E200932EA0 /* Info.plist */ = {isa = PBXFileReference; lastKnownFileType = text.plist.xml; path = Info.plist; sourceTree = "<group>"; };
		648EB47E259B81E200932EA0 /* DawnsFlowerBoxTests.xctest */ = {isa = PBXFileReference; explicitFileType = wrapper.cfbundle; includeInIndex = 0; path = DawnsFlowerBoxTests.xctest; sourceTree = BUILT_PRODUCTS_DIR; };
		648EB482259B81E200932EA0 /* DawnsFlowerBoxTests.swift */ = {isa = PBXFileReference; lastKnownFileType = sourcecode.swift; path = DawnsFlowerBoxTests.swift; sourceTree = "<group>"; };
		648EB484259B81E200932EA0 /* Info.plist */ = {isa = PBXFileReference; lastKnownFileType = text.plist.xml; path = Info.plist; sourceTree = "<group>"; };
		648EB489259B81E200932EA0 /* DawnsFlowerBoxUITests.xctest */ = {isa = PBXFileReference; explicitFileType = wrapper.cfbundle; includeInIndex = 0; path = DawnsFlowerBoxUITests.xctest; sourceTree = BUILT_PRODUCTS_DIR; };
		648EB48D259B81E200932EA0 /* DawnsFlowerBoxUITests.swift */ = {isa = PBXFileReference; lastKnownFileType = sourcecode.swift; path = DawnsFlowerBoxUITests.swift; sourceTree = "<group>"; };
		648EB48F259B81E200932EA0 /* Info.plist */ = {isa = PBXFileReference; lastKnownFileType = text.plist.xml; path = Info.plist; sourceTree = "<group>"; };
		648EB49E259B821200932EA0 /* CatalogView.swift */ = {isa = PBXFileReference; lastKnownFileType = sourcecode.swift; path = CatalogView.swift; sourceTree = "<group>"; };
		648EB4A5259B842F00932EA0 /* a_beautiful_snowflake.jpg */ = {isa = PBXFileReference; lastKnownFileType = image.jpeg; path = a_beautiful_snowflake.jpg; sourceTree = "<group>"; };
		648EB4A6259B842F00932EA0 /* a_deep_love.jpg */ = {isa = PBXFileReference; lastKnownFileType = image.jpeg; path = a_deep_love.jpg; sourceTree = "<group>"; };
		648EB4A7259B842F00932EA0 /* a_sparkle.jpg */ = {isa = PBXFileReference; lastKnownFileType = image.jpeg; path = a_sparkle.jpg; sourceTree = "<group>"; };
		648EB4A8259B842F00932EA0 /* a_dozen_red_roses_gift_bag.jpg */ = {isa = PBXFileReference; lastKnownFileType = image.jpeg; path = a_dozen_red_roses_gift_bag.jpg; sourceTree = "<group>"; };
		648EB4A9259B842F00932EA0 /* a_magical_christmas.jpg */ = {isa = PBXFileReference; lastKnownFileType = image.jpeg; path = a_magical_christmas.jpg; sourceTree = "<group>"; };
		648EB4AA259B842F00932EA0 /* a_luxury_twelve_red_roses.jpg */ = {isa = PBXFileReference; lastKnownFileType = image.jpeg; path = a_luxury_twelve_red_roses.jpg; sourceTree = "<group>"; };
		64A95C9225B75AAA00A29AA6 /* Utils.swift */ = {isa = PBXFileReference; lastKnownFileType = sourcecode.swift; path = Utils.swift; sourceTree = "<group>"; };
/* End PBXFileReference section */

/* Begin PBXFrameworksBuildPhase section */
		648EB46A259B81E100932EA0 /* Frameworks */ = {
			isa = PBXFrameworksBuildPhase;
			buildActionMask = 2147483647;
			files = (
			);
			runOnlyForDeploymentPostprocessing = 0;
		};
		648EB47B259B81E200932EA0 /* Frameworks */ = {
			isa = PBXFrameworksBuildPhase;
			buildActionMask = 2147483647;
			files = (
			);
			runOnlyForDeploymentPostprocessing = 0;
		};
		648EB486259B81E200932EA0 /* Frameworks */ = {
			isa = PBXFrameworksBuildPhase;
			buildActionMask = 2147483647;
			files = (
			);
			runOnlyForDeploymentPostprocessing = 0;
		};
/* End PBXFrameworksBuildPhase section */

/* Begin PBXGroup section */
		643B6571259BC32900700FC9 /* Fonts */ = {
			isa = PBXGroup;
			children = (
				643B658A259BC62500700FC9 /* RobotoCondensed-Bold.ttf */,
				643B6585259BC5AC00700FC9 /* RobotoCondensed-Regular.ttf */,
				643B6579259BC37000700FC9 /* ArchivoNarrow-Bold.ttf */,
				643B6578259BC37000700FC9 /* ArchivoNarrow-BoldItalic.ttf */,
				643B6575259BC37000700FC9 /* ArchivoNarrow-Italic.ttf */,
				643B6574259BC36F00700FC9 /* ArchivoNarrow-Medium.ttf */,
				643B6577259BC37000700FC9 /* ArchivoNarrow-MediumItalic.ttf */,
				643B6573259BC36F00700FC9 /* ArchivoNarrow-Regular.ttf */,
				643B6576259BC37000700FC9 /* ArchivoNarrow-SemiBold.ttf */,
				643B6572259BC36F00700FC9 /* ArchivoNarrow-SemiBoldItalic.ttf */,
			);
			path = Fonts;
			sourceTree = "<group>";
		};
		648EB464259B81E100932EA0 = {
			isa = PBXGroup;
			children = (
				648EB46F259B81E100932EA0 /* DawnsFlowerBox */,
				648EB481259B81E200932EA0 /* DawnsFlowerBoxTests */,
				648EB48C259B81E200932EA0 /* DawnsFlowerBoxUITests */,
				648EB46E259B81E100932EA0 /* Products */,
			);
			sourceTree = "<group>";
		};
		648EB46E259B81E100932EA0 /* Products */ = {
			isa = PBXGroup;
			children = (
				648EB46D259B81E100932EA0 /* DawnsFlowerBox.app */,
				648EB47E259B81E200932EA0 /* DawnsFlowerBoxTests.xctest */,
				648EB489259B81E200932EA0 /* DawnsFlowerBoxUITests.xctest */,
			);
			name = Products;
			sourceTree = "<group>";
		};
		648EB46F259B81E100932EA0 /* DawnsFlowerBox */ = {
			isa = PBXGroup;
			children = (
				643B6571259BC32900700FC9 /* Fonts */,
				648EB470259B81E100932EA0 /* DawnsFlowerBoxApp.swift */,
				648EB472259B81E100932EA0 /* ContentView.swift */,
				648EB49E259B821200932EA0 /* CatalogView.swift */,
				64A95C9225B75AAA00A29AA6 /* Utils.swift */,
				643B6592259BDF1C00700FC9 /* CartView.swift */,
				64178B7F259CB87400A83087 /* CheckoutView.swift */,
				648EB4A5259B842F00932EA0 /* a_beautiful_snowflake.jpg */,
				648EB4A6259B842F00932EA0 /* a_deep_love.jpg */,
				648EB4A8259B842F00932EA0 /* a_dozen_red_roses_gift_bag.jpg */,
				648EB4AA259B842F00932EA0 /* a_luxury_twelve_red_roses.jpg */,
				648EB4A9259B842F00932EA0 /* a_magical_christmas.jpg */,
				648EB4A7259B842F00932EA0 /* a_sparkle.jpg */,
				643B656C259BAD0A00700FC9 /* dfb_logo.png */,
				648EB4A3259B833300932EA0 /* Resources */,
				648EB474259B81E200932EA0 /* Assets.xcassets */,
				643B6567259BACFF00700FC9 /* dfb_flower_logo.png */,
				648EB479259B81E200932EA0 /* Info.plist */,
				648EB476259B81E200932EA0 /* Preview Content */,
			);
			path = DawnsFlowerBox;
			sourceTree = "<group>";
		};
		648EB476259B81E200932EA0 /* Preview Content */ = {
			isa = PBXGroup;
			children = (
				648EB477259B81E200932EA0 /* Preview Assets.xcassets */,
			);
			path = "Preview Content";
			sourceTree = "<group>";
		};
		648EB481259B81E200932EA0 /* DawnsFlowerBoxTests */ = {
			isa = PBXGroup;
			children = (
				648EB482259B81E200932EA0 /* DawnsFlowerBoxTests.swift */,
				648EB484259B81E200932EA0 /* Info.plist */,
			);
			path = DawnsFlowerBoxTests;
			sourceTree = "<group>";
		};
		648EB48C259B81E200932EA0 /* DawnsFlowerBoxUITests */ = {
			isa = PBXGroup;
			children = (
				648EB48D259B81E200932EA0 /* DawnsFlowerBoxUITests.swift */,
				648EB48F259B81E200932EA0 /* Info.plist */,
			);
			path = DawnsFlowerBoxUITests;
			sourceTree = "<group>";
		};
		648EB4A3259B833300932EA0 /* Resources */ = {
			isa = PBXGroup;
			children = (
				648EB4A4259B834C00932EA0 /* Pictures */,
			);
			path = Resources;
			sourceTree = "<group>";
		};
		648EB4A4259B834C00932EA0 /* Pictures */ = {
			isa = PBXGroup;
			children = (
			);
			path = Pictures;
			sourceTree = "<group>";
		};
/* End PBXGroup section */

/* Begin PBXNativeTarget section */
		648EB46C259B81E100932EA0 /* DawnsFlowerBox */ = {
			isa = PBXNativeTarget;
			buildConfigurationList = 648EB492259B81E200932EA0 /* Build configuration list for PBXNativeTarget "DawnsFlowerBox" */;
			buildPhases = (
				648EB469259B81E100932EA0 /* Sources */,
				648EB46A259B81E100932EA0 /* Frameworks */,
				648EB46B259B81E100932EA0 /* Resources */,
			);
			buildRules = (
			);
			dependencies = (
			);
			name = DawnsFlowerBox;
			productName = DawnsFlowerBox;
			productReference = 648EB46D259B81E100932EA0 /* DawnsFlowerBox.app */;
			productType = "com.apple.product-type.application";
		};
		648EB47D259B81E200932EA0 /* DawnsFlowerBoxTests */ = {
			isa = PBXNativeTarget;
			buildConfigurationList = 648EB495259B81E200932EA0 /* Build configuration list for PBXNativeTarget "DawnsFlowerBoxTests" */;
			buildPhases = (
				648EB47A259B81E200932EA0 /* Sources */,
				648EB47B259B81E200932EA0 /* Frameworks */,
				648EB47C259B81E200932EA0 /* Resources */,
			);
			buildRules = (
			);
			dependencies = (
				648EB480259B81E200932EA0 /* PBXTargetDependency */,
			);
			name = DawnsFlowerBoxTests;
			productName = DawnsFlowerBoxTests;
			productReference = 648EB47E259B81E200932EA0 /* DawnsFlowerBoxTests.xctest */;
			productType = "com.apple.product-type.bundle.unit-test";
		};
		648EB488259B81E200932EA0 /* DawnsFlowerBoxUITests */ = {
			isa = PBXNativeTarget;
			buildConfigurationList = 648EB498259B81E200932EA0 /* Build configuration list for PBXNativeTarget "DawnsFlowerBoxUITests" */;
			buildPhases = (
				648EB485259B81E200932EA0 /* Sources */,
				648EB486259B81E200932EA0 /* Frameworks */,
				648EB487259B81E200932EA0 /* Resources */,
			);
			buildRules = (
			);
			dependencies = (
				648EB48B259B81E200932EA0 /* PBXTargetDependency */,
			);
			name = DawnsFlowerBoxUITests;
			productName = DawnsFlowerBoxUITests;
			productReference = 648EB489259B81E200932EA0 /* DawnsFlowerBoxUITests.xctest */;
			productType = "com.apple.product-type.bundle.ui-testing";
		};
/* End PBXNativeTarget section */

/* Begin PBXProject section */
		648EB465259B81E100932EA0 /* Project object */ = {
			isa = PBXProject;
			attributes = {
				LastSwiftUpdateCheck = 1230;
				LastUpgradeCheck = 1230;
				TargetAttributes = {
					648EB46C259B81E100932EA0 = {
						CreatedOnToolsVersion = 12.3;
					};
					648EB47D259B81E200932EA0 = {
						CreatedOnToolsVersion = 12.3;
						TestTargetID = 648EB46C259B81E100932EA0;
					};
					648EB488259B81E200932EA0 = {
						CreatedOnToolsVersion = 12.3;
						TestTargetID = 648EB46C259B81E100932EA0;
					};
				};
			};
			buildConfigurationList = 648EB468259B81E100932EA0 /* Build configuration list for PBXProject "DawnsFlowerBox" */;
			compatibilityVersion = "Xcode 9.3";
			developmentRegion = en;
			hasScannedForEncodings = 0;
			knownRegions = (
				en,
				Base,
			);
			mainGroup = 648EB464259B81E100932EA0;
			productRefGroup = 648EB46E259B81E100932EA0 /* Products */;
			projectDirPath = "";
			projectRoot = "";
			targets = (
				648EB46C259B81E100932EA0 /* DawnsFlowerBox */,
				648EB47D259B81E200932EA0 /* DawnsFlowerBoxTests */,
				648EB488259B81E200932EA0 /* DawnsFlowerBoxUITests */,
			);
		};
/* End PBXProject section */

/* Begin PBXResourcesBuildPhase section */
		648EB46B259B81E100932EA0 /* Resources */ = {
			isa = PBXResourcesBuildPhase;
			buildActionMask = 2147483647;
			files = (
				648EB4B0259B842F00932EA0 /* a_luxury_twelve_red_roses.jpg in Resources */,
				648EB478259B81E200932EA0 /* Preview Assets.xcassets in Resources */,
				648EB4AC259B842F00932EA0 /* a_deep_love.jpg in Resources */,
				643B657F259BC37000700FC9 /* ArchivoNarrow-MediumItalic.ttf in Resources */,
				648EB4AE259B842F00932EA0 /* a_dozen_red_roses_gift_bag.jpg in Resources */,
				643B657E259BC37000700FC9 /* ArchivoNarrow-SemiBold.ttf in Resources */,
				643B658B259BC62500700FC9 /* RobotoCondensed-Bold.ttf in Resources */,
				643B657D259BC37000700FC9 /* ArchivoNarrow-Italic.ttf in Resources */,
				643B6568259BACFF00700FC9 /* dfb_flower_logo.png in Resources */,
				643B657B259BC37000700FC9 /* ArchivoNarrow-Regular.ttf in Resources */,
				643B6586259BC5AC00700FC9 /* RobotoCondensed-Regular.ttf in Resources */,
				643B6580259BC37000700FC9 /* ArchivoNarrow-BoldItalic.ttf in Resources */,
				643B656D259BAD0A00700FC9 /* dfb_logo.png in Resources */,
				648EB475259B81E200932EA0 /* Assets.xcassets in Resources */,
				643B657C259BC37000700FC9 /* ArchivoNarrow-Medium.ttf in Resources */,
				643B6581259BC37000700FC9 /* ArchivoNarrow-Bold.ttf in Resources */,
				648EB4AD259B842F00932EA0 /* a_sparkle.jpg in Resources */,
				648EB4AB259B842F00932EA0 /* a_beautiful_snowflake.jpg in Resources */,
				643B657A259BC37000700FC9 /* ArchivoNarrow-SemiBoldItalic.ttf in Resources */,
				648EB4AF259B842F00932EA0 /* a_magical_christmas.jpg in Resources */,
			);
			runOnlyForDeploymentPostprocessing = 0;
		};
		648EB47C259B81E200932EA0 /* Resources */ = {
			isa = PBXResourcesBuildPhase;
			buildActionMask = 2147483647;
			files = (
			);
			runOnlyForDeploymentPostprocessing = 0;
		};
		648EB487259B81E200932EA0 /* Resources */ = {
			isa = PBXResourcesBuildPhase;
			buildActionMask = 2147483647;
			files = (
			);
			runOnlyForDeploymentPostprocessing = 0;
		};
/* End PBXResourcesBuildPhase section */

/* Begin PBXSourcesBuildPhase section */
		648EB469259B81E100932EA0 /* Sources */ = {
			isa = PBXSourcesBuildPhase;
			buildActionMask = 2147483647;
			files = (
				648EB473259B81E100932EA0 /* ContentView.swift in Sources */,
				648EB49F259B821200932EA0 /* CatalogView.swift in Sources */,
				64178B80259CB87400A83087 /* CheckoutView.swift in Sources */,
				643B6593259BDF1C00700FC9 /* CartView.swift in Sources */,
				648EB471259B81E100932EA0 /* DawnsFlowerBoxApp.swift in Sources */,
				64A95C9325B75AAA00A29AA6 /* Utils.swift in Sources */,
			);
			runOnlyForDeploymentPostprocessing = 0;
		};
		648EB47A259B81E200932EA0 /* Sources */ = {
			isa = PBXSourcesBuildPhase;
			buildActionMask = 2147483647;
			files = (
				648EB483259B81E200932EA0 /* DawnsFlowerBoxTests.swift in Sources */,
			);
			runOnlyForDeploymentPostprocessing = 0;
		};
		648EB485259B81E200932EA0 /* Sources */ = {
			isa = PBXSourcesBuildPhase;
			buildActionMask = 2147483647;
			files = (
				648EB48E259B81E200932EA0 /* DawnsFlowerBoxUITests.swift in Sources */,
			);
			runOnlyForDeploymentPostprocessing = 0;
		};
/* End PBXSourcesBuildPhase section */

/* Begin PBXTargetDependency section */
		648EB480259B81E200932EA0 /* PBXTargetDependency */ = {
			isa = PBXTargetDependency;
			target = 648EB46C259B81E100932EA0 /* DawnsFlowerBox */;
			targetProxy = 648EB47F259B81E200932EA0 /* PBXContainerItemProxy */;
		};
		648EB48B259B81E200932EA0 /* PBXTargetDependency */ = {
			isa = PBXTargetDependency;
			target = 648EB46C259B81E100932EA0 /* DawnsFlowerBox */;
			targetProxy = 648EB48A259B81E200932EA0 /* PBXContainerItemProxy */;
		};
/* End PBXTargetDependency section */

/* Begin XCBuildConfiguration section */
		648EB490259B81E200932EA0 /* Debug */ = {
			isa = XCBuildConfiguration;
			buildSettings = {
				ALWAYS_SEARCH_USER_PATHS = NO;
				CLANG_ANALYZER_NONNULL = YES;
				CLANG_ANALYZER_NUMBER_OBJECT_CONVERSION = YES_AGGRESSIVE;
				CLANG_CXX_LANGUAGE_STANDARD = "gnu++14";
				CLANG_CXX_LIBRARY = "libc++";
				CLANG_ENABLE_MODULES = YES;
				CLANG_ENABLE_OBJC_ARC = YES;
				CLANG_ENABLE_OBJC_WEAK = YES;
				CLANG_WARN_BLOCK_CAPTURE_AUTORELEASING = YES;
				CLANG_WARN_BOOL_CONVERSION = YES;
				CLANG_WARN_COMMA = YES;
				CLANG_WARN_CONSTANT_CONVERSION = YES;
				CLANG_WARN_DEPRECATED_OBJC_IMPLEMENTATIONS = YES;
				CLANG_WARN_DIRECT_OBJC_ISA_USAGE = YES_ERROR;
				CLANG_WARN_DOCUMENTATION_COMMENTS = YES;
				CLANG_WARN_EMPTY_BODY = YES;
				CLANG_WARN_ENUM_CONVERSION = YES;
				CLANG_WARN_INFINITE_RECURSION = YES;
				CLANG_WARN_INT_CONVERSION = YES;
				CLANG_WARN_NON_LITERAL_NULL_CONVERSION = YES;
				CLANG_WARN_OBJC_IMPLICIT_RETAIN_SELF = YES;
				CLANG_WARN_OBJC_LITERAL_CONVERSION = YES;
				CLANG_WARN_OBJC_ROOT_CLASS = YES_ERROR;
				CLANG_WARN_QUOTED_INCLUDE_IN_FRAMEWORK_HEADER = YES;
				CLANG_WARN_RANGE_LOOP_ANALYSIS = YES;
				CLANG_WARN_STRICT_PROTOTYPES = YES;
				CLANG_WARN_SUSPICIOUS_MOVE = YES;
				CLANG_WARN_UNGUARDED_AVAILABILITY = YES_AGGRESSIVE;
				CLANG_WARN_UNREACHABLE_CODE = YES;
				CLANG_WARN__DUPLICATE_METHOD_MATCH = YES;
				COPY_PHASE_STRIP = NO;
				DEBUG_INFORMATION_FORMAT = dwarf;
				ENABLE_STRICT_OBJC_MSGSEND = YES;
				ENABLE_TESTABILITY = YES;
				GCC_C_LANGUAGE_STANDARD = gnu11;
				GCC_DYNAMIC_NO_PIC = NO;
				GCC_NO_COMMON_BLOCKS = YES;
				GCC_OPTIMIZATION_LEVEL = 0;
				GCC_PREPROCESSOR_DEFINITIONS = (
					"DEBUG=1",
					"$(inherited)",
				);
				GCC_WARN_64_TO_32_BIT_CONVERSION = YES;
				GCC_WARN_ABOUT_RETURN_TYPE = YES_ERROR;
				GCC_WARN_UNDECLARED_SELECTOR = YES;
				GCC_WARN_UNINITIALIZED_AUTOS = YES_AGGRESSIVE;
				GCC_WARN_UNUSED_FUNCTION = YES;
				GCC_WARN_UNUSED_VARIABLE = YES;
				IPHONEOS_DEPLOYMENT_TARGET = 14.3;
				MTL_ENABLE_DEBUG_INFO = INCLUDE_SOURCE;
				MTL_FAST_MATH = YES;
				ONLY_ACTIVE_ARCH = YES;
				SDKROOT = iphoneos;
				SWIFT_ACTIVE_COMPILATION_CONDITIONS = DEBUG;
				SWIFT_OPTIMIZATION_LEVEL = "-Onone";
			};
			name = Debug;
		};
		648EB491259B81E200932EA0 /* Release */ = {
			isa = XCBuildConfiguration;
			buildSettings = {
				ALWAYS_SEARCH_USER_PATHS = NO;
				CLANG_ANALYZER_NONNULL = YES;
				CLANG_ANALYZER_NUMBER_OBJECT_CONVERSION = YES_AGGRESSIVE;
				CLANG_CXX_LANGUAGE_STANDARD = "gnu++14";
				CLANG_CXX_LIBRARY = "libc++";
				CLANG_ENABLE_MODULES = YES;
				CLANG_ENABLE_OBJC_ARC = YES;
				CLANG_ENABLE_OBJC_WEAK = YES;
				CLANG_WARN_BLOCK_CAPTURE_AUTORELEASING = YES;
				CLANG_WARN_BOOL_CONVERSION = YES;
				CLANG_WARN_COMMA = YES;
				CLANG_WARN_CONSTANT_CONVERSION = YES;
				CLANG_WARN_DEPRECATED_OBJC_IMPLEMENTATIONS = YES;
				CLANG_WARN_DIRECT_OBJC_ISA_USAGE = YES_ERROR;
				CLANG_WARN_DOCUMENTATION_COMMENTS = YES;
				CLANG_WARN_EMPTY_BODY = YES;
				CLANG_WARN_ENUM_CONVERSION = YES;
				CLANG_WARN_INFINITE_RECURSION = YES;
				CLANG_WARN_INT_CONVERSION = YES;
				CLANG_WARN_NON_LITERAL_NULL_CONVERSION = YES;
				CLANG_WARN_OBJC_IMPLICIT_RETAIN_SELF = YES;
				CLANG_WARN_OBJC_LITERAL_CONVERSION = YES;
				CLANG_WARN_OBJC_ROOT_CLASS = YES_ERROR;
				CLANG_WARN_QUOTED_INCLUDE_IN_FRAMEWORK_HEADER = YES;
				CLANG_WARN_RANGE_LOOP_ANALYSIS = YES;
				CLANG_WARN_STRICT_PROTOTYPES = YES;
				CLANG_WARN_SUSPICIOUS_MOVE = YES;
				CLANG_WARN_UNGUARDED_AVAILABILITY = YES_AGGRESSIVE;
				CLANG_WARN_UNREACHABLE_CODE = YES;
				CLANG_WARN__DUPLICATE_METHOD_MATCH = YES;
				COPY_PHASE_STRIP = NO;
				DEBUG_INFORMATION_FORMAT = "dwarf-with-dsym";
				ENABLE_NS_ASSERTIONS = NO;
				ENABLE_STRICT_OBJC_MSGSEND = YES;
				GCC_C_LANGUAGE_STANDARD = gnu11;
				GCC_NO_COMMON_BLOCKS = YES;
				GCC_WARN_64_TO_32_BIT_CONVERSION = YES;
				GCC_WARN_ABOUT_RETURN_TYPE = YES_ERROR;
				GCC_WARN_UNDECLARED_SELECTOR = YES;
				GCC_WARN_UNINITIALIZED_AUTOS = YES_AGGRESSIVE;
				GCC_WARN_UNUSED_FUNCTION = YES;
				GCC_WARN_UNUSED_VARIABLE = YES;
				IPHONEOS_DEPLOYMENT_TARGET = 14.3;
				MTL_ENABLE_DEBUG_INFO = NO;
				MTL_FAST_MATH = YES;
				SDKROOT = iphoneos;
				SWIFT_COMPILATION_MODE = wholemodule;
				SWIFT_OPTIMIZATION_LEVEL = "-O";
				VALIDATE_PRODUCT = YES;
			};
			name = Release;
		};
		648EB493259B81E200932EA0 /* Debug */ = {
			isa = XCBuildConfiguration;
			buildSettings = {
				ASSETCATALOG_COMPILER_APPICON_NAME = AppIcon;
				ASSETCATALOG_COMPILER_GLOBAL_ACCENT_COLOR_NAME = AccentColor;
				CODE_SIGN_STYLE = Automatic;
				DEVELOPMENT_ASSET_PATHS = "\"DawnsFlowerBox/Preview Content\"";
				DEVELOPMENT_TEAM = G9ZJ6836UZ;
				ENABLE_PREVIEWS = YES;
				INFOPLIST_FILE = DawnsFlowerBox/Info.plist;
				IPHONEOS_DEPLOYMENT_TARGET = 14.0;
				LD_RUNPATH_SEARCH_PATHS = (
					"$(inherited)",
					"@executable_path/Frameworks",
				);
				PRODUCT_BUNDLE_IDENTIFIER = barnes.DawnsFlowerBox;
				PRODUCT_NAME = "$(TARGET_NAME)";
				SWIFT_VERSION = 5.0;
				TARGETED_DEVICE_FAMILY = "1,2";
			};
			name = Debug;
		};
		648EB494259B81E200932EA0 /* Release */ = {
			isa = XCBuildConfiguration;
			buildSettings = {
				ASSETCATALOG_COMPILER_APPICON_NAME = AppIcon;
				ASSETCATALOG_COMPILER_GLOBAL_ACCENT_COLOR_NAME = AccentColor;
				CODE_SIGN_STYLE = Automatic;
				DEVELOPMENT_ASSET_PATHS = "\"DawnsFlowerBox/Preview Content\"";
				DEVELOPMENT_TEAM = G9ZJ6836UZ;
				ENABLE_PREVIEWS = YES;
				INFOPLIST_FILE = DawnsFlowerBox/Info.plist;
				IPHONEOS_DEPLOYMENT_TARGET = 14.0;
				LD_RUNPATH_SEARCH_PATHS = (
					"$(inherited)",
					"@executable_path/Frameworks",
				);
				PRODUCT_BUNDLE_IDENTIFIER = barnes.DawnsFlowerBox;
				PRODUCT_NAME = "$(TARGET_NAME)";
				SWIFT_VERSION = 5.0;
				TARGETED_DEVICE_FAMILY = "1,2";
			};
			name = Release;
		};
		648EB496259B81E200932EA0 /* Debug */ = {
			isa = XCBuildConfiguration;
			buildSettings = {
				ALWAYS_EMBED_SWIFT_STANDARD_LIBRARIES = YES;
				BUNDLE_LOADER = "$(TEST_HOST)";
				CODE_SIGN_STYLE = Automatic;
				DEVELOPMENT_TEAM = G9ZJ6836UZ;
				INFOPLIST_FILE = DawnsFlowerBoxTests/Info.plist;
				IPHONEOS_DEPLOYMENT_TARGET = 14.0;
				LD_RUNPATH_SEARCH_PATHS = (
					"$(inherited)",
					"@executable_path/Frameworks",
					"@loader_path/Frameworks",
				);
				PRODUCT_BUNDLE_IDENTIFIER = barnes.DawnsFlowerBoxTests;
				PRODUCT_NAME = "$(TARGET_NAME)";
				SWIFT_VERSION = 5.0;
				TARGETED_DEVICE_FAMILY = "1,2";
				TEST_HOST = "$(BUILT_PRODUCTS_DIR)/DawnsFlowerBox.app/DawnsFlowerBox";
			};
			name = Debug;
		};
		648EB497259B81E200932EA0 /* Release */ = {
			isa = XCBuildConfiguration;
			buildSettings = {
				ALWAYS_EMBED_SWIFT_STANDARD_LIBRARIES = YES;
				BUNDLE_LOADER = "$(TEST_HOST)";
				CODE_SIGN_STYLE = Automatic;
				DEVELOPMENT_TEAM = G9ZJ6836UZ;
				INFOPLIST_FILE = DawnsFlowerBoxTests/Info.plist;
				IPHONEOS_DEPLOYMENT_TARGET = 14.0;
				LD_RUNPATH_SEARCH_PATHS = (
					"$(inherited)",
					"@executable_path/Frameworks",
					"@loader_path/Frameworks",
				);
				PRODUCT_BUNDLE_IDENTIFIER = barnes.DawnsFlowerBoxTests;
				PRODUCT_NAME = "$(TARGET_NAME)";
				SWIFT_VERSION = 5.0;
				TARGETED_DEVICE_FAMILY = "1,2";
				TEST_HOST = "$(BUILT_PRODUCTS_DIR)/DawnsFlowerBox.app/DawnsFlowerBox";
			};
			name = Release;
		};
		648EB499259B81E200932EA0 /* Debug */ = {
			isa = XCBuildConfiguration;
			buildSettings = {
				ALWAYS_EMBED_SWIFT_STANDARD_LIBRARIES = YES;
				CODE_SIGN_STYLE = Automatic;
				DEVELOPMENT_TEAM = G9ZJ6836UZ;
				INFOPLIST_FILE = DawnsFlowerBoxUITests/Info.plist;
				LD_RUNPATH_SEARCH_PATHS = (
					"$(inherited)",
					"@executable_path/Frameworks",
					"@loader_path/Frameworks",
				);
				PRODUCT_BUNDLE_IDENTIFIER = barnes.DawnsFlowerBoxUITests;
				PRODUCT_NAME = "$(TARGET_NAME)";
				SWIFT_VERSION = 5.0;
				TARGETED_DEVICE_FAMILY = "1,2";
				TEST_TARGET_NAME = DawnsFlowerBox;
			};
			name = Debug;
		};
		648EB49A259B81E200932EA0 /* Release */ = {
			isa = XCBuildConfiguration;
			buildSettings = {
				ALWAYS_EMBED_SWIFT_STANDARD_LIBRARIES = YES;
				CODE_SIGN_STYLE = Automatic;
				DEVELOPMENT_TEAM = G9ZJ6836UZ;
				INFOPLIST_FILE = DawnsFlowerBoxUITests/Info.plist;
				LD_RUNPATH_SEARCH_PATHS = (
					"$(inherited)",
					"@executable_path/Frameworks",
					"@loader_path/Frameworks",
				);
				PRODUCT_BUNDLE_IDENTIFIER = barnes.DawnsFlowerBoxUITests;
				PRODUCT_NAME = "$(TARGET_NAME)";
				SWIFT_VERSION = 5.0;
				TARGETED_DEVICE_FAMILY = "1,2";
				TEST_TARGET_NAME = DawnsFlowerBox;
			};
			name = Release;
		};
/* End XCBuildConfiguration section */

/* Begin XCConfigurationList section */
		648EB468259B81E100932EA0 /* Build configuration list for PBXProject "DawnsFlowerBox" */ = {
			isa = XCConfigurationList;
			buildConfigurations = (
				648EB490259B81E200932EA0 /* Debug */,
				648EB491259B81E200932EA0 /* Release */,
			);
			defaultConfigurationIsVisible = 0;
			defaultConfigurationName = Release;
		};
		648EB492259B81E200932EA0 /* Build configuration list for PBXNativeTarget "DawnsFlowerBox" */ = {
			isa = XCConfigurationList;
			buildConfigurations = (
				648EB493259B81E200932EA0 /* Debug */,
				648EB494259B81E200932EA0 /* Release */,
			);
			defaultConfigurationIsVisible = 0;
			defaultConfigurationName = Release;
		};
		648EB495259B81E200932EA0 /* Build configuration list for PBXNativeTarget "DawnsFlowerBoxTests" */ = {
			isa = XCConfigurationList;
			buildConfigurations = (
				648EB496259B81E200932EA0 /* Debug */,
				648EB497259B81E200932EA0 /* Release */,
			);
			defaultConfigurationIsVisible = 0;
			defaultConfigurationName = Release;
		};
		648EB498259B81E200932EA0 /* Build configuration list for PBXNativeTarget "DawnsFlowerBoxUITests" */ = {
			isa = XCConfigurationList;
			buildConfigurations = (
				648EB499259B81E200932EA0 /* Debug */,
				648EB49A259B81E200932EA0 /* Release */,
			);
			defaultConfigurationIsVisible = 0;
			defaultConfigurationName = Release;
		};
/* End XCConfigurationList section */
	};
	rootObject = 648EB465259B81E100932EA0 /* Project object */;
}
